
Microsoft Visual Studio Solution File, Format Version 12.00
# Visual Studio Version 17
VisualStudioVersion = 17.13.35931.197 d17.13
MinimumVisualStudioVersion = 10.0.40219.1
Project("{FAE04EC0-301F-11D3-BF4B-00C04F79EFBC}") = "ScreenSound", "ScreenSound\ScreenSound.csproj", "{D729C90B-4176-4E6B-86BB-3F115998ECE9}"
EndProject
Project("{FAE04EC0-301F-11D3-BF4B-00C04F79EFBC}") = "Exercicio01", "Exercicio01\Exercicio01.csproj", "{AC05018C-903A-4A3B-96F9-CC638BCBB08D}"
EndProject
Project("{FAE04EC0-301F-11D3-BF4B-00C04F79EFBC}") = "Exercicio02", "Exercicio02\Exercicio02.csproj", "{F348FBDA-98BB-4A57-A2F4-171F50F50774}"
EndProject
Global
	GlobalSection(SolutionConfigurationPlatforms) = preSolution
		Debug|Any CPU = Debug|Any CPU
		Release|Any CPU = Release|Any CPU
	EndGlobalSection
	GlobalSection(ProjectConfigurationPlatforms) = postSolution
		{D729C90B-4176-4E6B-86BB-3F115998ECE9}.Debug|Any CPU.ActiveCfg = Debug|Any CPU
		{D729C90B-4176-4E6B-86BB-3F115998ECE9}.Debug|Any CPU.Build.0 = Debug|Any CPU
		{D729C90B-4176-4E6B-86BB-3F115998ECE9}.Release|Any CPU.ActiveCfg = Release|Any CPU
		{D729C90B-4176-4E6B-86BB-3F115998ECE9}.Release|Any CPU.Build.0 = Release|Any CPU
		{AC05018C-903A-4A3B-96F9-CC638BCBB08D}.Debug|Any CPU.ActiveCfg = Debug|Any CPU
		{AC05018C-903A-4A3B-96F9-CC638BCBB08D}.Debug|Any CPU.Build.0 = Debug|Any CPU
		{AC05018C-903A-4A3B-96F9-CC638BCBB08D}.Release|Any CPU.ActiveCfg = Release|Any CPU
		{AC05018C-903A-4A3B-96F9-CC638BCBB08D}.Release|Any CPU.Build.0 = Release|Any CPU
		{F348FBDA-98BB-4A57-A2F4-171F50F50774}.Debug|Any CPU.ActiveCfg = Debug|Any CPU
		{F348FBDA-98BB-4A57-A2F4-171F50F50774}.Debug|Any CPU.Build.0 = Debug|Any CPU
		{F348FBDA-98BB-4A57-A2F4-171F50F50774}.Release|Any CPU.ActiveCfg = Release|Any CPU
		{F348FBDA-98BB-4A57-A2F4-171F50F50774}.Release|Any CPU.Build.0 = Release|Any CPU
	EndGlobalSection
	GlobalSection(SolutionProperties) = preSolution
		HideSolutionNode = FALSE
	EndGlobalSection
	GlobalSection(ExtensibilityGlobals) = postSolution
		SolutionGuid = {CB8422EF-8F39-4F8A-8CE7-F98AA8CCC651}
	EndGlobalSection
EndGlobal
