
Microsoft Visual Studio Solution File, Format Version 12.00
# Visual Studio Version 17
VisualStudioVersion = 17.13.35931.197
MinimumVisualStudioVersion = 10.0.40219.1
Project("{FAE04EC0-301F-11D3-BF4B-00C04F79EFBC}") = "PrimeiroProjeto", "PrimeiroProjeto\PrimeiroProjeto.csproj", "{67381552-55F3-4ABB-9920-2BD3ADA17F5D}"
EndProject
Project("{2150E333-8FDC-42A3-9474-1A3956D46DE8}") = "Solution Items", "Solution Items", "{8EC462FD-D22E-90A8-E5CE-7E832BA40C5D}"
	ProjectSection(SolutionItems) = preProject
		.gitignore = .gitignore
	EndProjectSection
EndProject
Project("{FAE04EC0-301F-11D3-BF4B-00C04F79EFBC}") = "Exercicio01", "Exercicio01\Exercicio01.csproj", "{E764F68B-1794-46A7-8CAE-AA11C30AEC8F}"
EndProject
Project("{FAE04EC0-301F-11D3-BF4B-00C04F79EFBC}") = "Exercicio02", "Exercicio02\Exercicio02.csproj", "{4E001FE5-09D8-4E08-A298-088F12CDCCEE}"
EndProject
Project("{FAE04EC0-301F-11D3-BF4B-00C04F79EFBC}") = "Exercicio03", "Exercicio03\Exercicio03.csproj", "{F3E3C712-5EBC-445A-87D4-04114595DC1E}"
EndProject
Project("{FAE04EC0-301F-11D3-BF4B-00C04F79EFBC}") = "Exercicio04", "Exercicio04\Exercicio04.csproj", "{A02ECBDB-24F2-4939-B84B-A70123B9D0FF}"
EndProject
Project("{FAE04EC0-301F-11D3-BF4B-00C04F79EFBC}") = "Exercicio05", "Exercicio05\Exercicio05.csproj", "{7BD5BD14-B4EA-4029-AC14-958E7C41FDCA}"
EndProject
Project("{FAE04EC0-301F-11D3-BF4B-00C04F79EFBC}") = "Exercicio06", "Exercicio06\Exercicio06.csproj", "{595FBB9F-3F92-4B68-8142-D8F508D1BF28}"
EndProject
Global
	GlobalSection(SolutionConfigurationPlatforms) = preSolution
		Debug|Any CPU = Debug|Any CPU
		Release|Any CPU = Release|Any CPU
	EndGlobalSection
	GlobalSection(ProjectConfigurationPlatforms) = postSolution
		{67381552-55F3-4ABB-9920-2BD3ADA17F5D}.Debug|Any CPU.ActiveCfg = Debug|Any CPU
		{67381552-55F3-4ABB-9920-2BD3ADA17F5D}.Debug|Any CPU.Build.0 = Debug|Any CPU
		{67381552-55F3-4ABB-9920-2BD3ADA17F5D}.Release|Any CPU.ActiveCfg = Release|Any CPU
		{67381552-55F3-4ABB-9920-2BD3ADA17F5D}.Release|Any CPU.Build.0 = Release|Any CPU
		{E764F68B-1794-46A7-8CAE-AA11C30AEC8F}.Debug|Any CPU.ActiveCfg = Debug|Any CPU
		{E764F68B-1794-46A7-8CAE-AA11C30AEC8F}.Debug|Any CPU.Build.0 = Debug|Any CPU
		{E764F68B-1794-46A7-8CAE-AA11C30AEC8F}.Release|Any CPU.ActiveCfg = Release|Any CPU
		{E764F68B-1794-46A7-8CAE-AA11C30AEC8F}.Release|Any CPU.Build.0 = Release|Any CPU
		{4E001FE5-09D8-4E08-A298-088F12CDCCEE}.Debug|Any CPU.ActiveCfg = Debug|Any CPU
		{4E001FE5-09D8-4E08-A298-088F12CDCCEE}.Debug|Any CPU.Build.0 = Debug|Any CPU
		{4E001FE5-09D8-4E08-A298-088F12CDCCEE}.Release|Any CPU.ActiveCfg = Release|Any CPU
		{4E001FE5-09D8-4E08-A298-088F12CDCCEE}.Release|Any CPU.Build.0 = Release|Any CPU
		{F3E3C712-5EBC-445A-87D4-04114595DC1E}.Debug|Any CPU.ActiveCfg = Debug|Any CPU
		{F3E3C712-5EBC-445A-87D4-04114595DC1E}.Debug|Any CPU.Build.0 = Debug|Any CPU
		{F3E3C712-5EBC-445A-87D4-04114595DC1E}.Release|Any CPU.ActiveCfg = Release|Any CPU
		{F3E3C712-5EBC-445A-87D4-04114595DC1E}.Release|Any CPU.Build.0 = Release|Any CPU
		{A02ECBDB-24F2-4939-B84B-A70123B9D0FF}.Debug|Any CPU.ActiveCfg = Debug|Any CPU
		{A02ECBDB-24F2-4939-B84B-A70123B9D0FF}.Debug|Any CPU.Build.0 = Debug|Any CPU
		{A02ECBDB-24F2-4939-B84B-A70123B9D0FF}.Release|Any CPU.ActiveCfg = Release|Any CPU
		{A02ECBDB-24F2-4939-B84B-A70123B9D0FF}.Release|Any CPU.Build.0 = Release|Any CPU
		{7BD5BD14-B4EA-4029-AC14-958E7C41FDCA}.Debug|Any CPU.ActiveCfg = Debug|Any CPU
		{7BD5BD14-B4EA-4029-AC14-958E7C41FDCA}.Debug|Any CPU.Build.0 = Debug|Any CPU
		{7BD5BD14-B4EA-4029-AC14-958E7C41FDCA}.Release|Any CPU.ActiveCfg = Release|Any CPU
		{7BD5BD14-B4EA-4029-AC14-958E7C41FDCA}.Release|Any CPU.Build.0 = Release|Any CPU
		{595FBB9F-3F92-4B68-8142-D8F508D1BF28}.Debug|Any CPU.ActiveCfg = Debug|Any CPU
		{595FBB9F-3F92-4B68-8142-D8F508D1BF28}.Debug|Any CPU.Build.0 = Debug|Any CPU
		{595FBB9F-3F92-4B68-8142-D8F508D1BF28}.Release|Any CPU.ActiveCfg = Release|Any CPU
		{595FBB9F-3F92-4B68-8142-D8F508D1BF28}.Release|Any CPU.Build.0 = Release|Any CPU
	EndGlobalSection
	GlobalSection(SolutionProperties) = preSolution
		HideSolutionNode = FALSE
	EndGlobalSection
	GlobalSection(ExtensibilityGlobals) = postSolution
		SolutionGuid = {3FF2F287-B457-4862-BE83-C258F1D2D720}
	EndGlobalSection
EndGlobal
